schema: '2.0'
stages:
  data_loading:
    cmd: python src/data_loader.py
    deps:
    - path: src/data_loader.py
      hash: md5
      md5: 079cdd594f0c1151191b8020f47aa419
      size: 1864
    params:
      params.yaml:
        data_source.local_path: C:\Users\LokeshKanna\Downloads\imagenet
        split.dir: artifacts/data
        split.test: test
        split.train: train
    outs:
    - path: artifacts/data
      hash: md5
      md5: 0d449d57ef9c4fd1ba25f7b374888adf.dir
      size: 1577973
      nfiles: 120
  model_trainer:
    cmd: python src/model_trainer_version1.py
    deps:
    - path: src/model_trainer_version1.py
      hash: md5
      md5: 3e34204fc4b00aad83a13dfadf7748c8
      size: 5152
    params:
      params.yaml:
        training_info.epochs: 3
        training_info.learning_rate: 0.003
    outs:
    - path: artifacts/model
      hash: md5
      md5: 4ed10ecd063adf5e056de6cf84b534c7.dir
      size: 29724962
      nfiles: 1
    - path: mlruns
      hash: md5
      md5: 9eb87e992060efdfd29b22ae3e0df9fd.dir
      size: 29728814
      nfiles: 18
